// !$*UTF8*$!
{
	archiveVersion = 1;
	classes = {
	};
	objectVersion = 46;
	objects = {

/* Begin PBXBuildFile section */
		48E1BED31C3D3B43000ECC9A /* AppDelegate.m in Sources */ = {isa = PBXBuildFile; fileRef = 48E1BED21C3D3B43000ECC9A /* AppDelegate.m */; };
		48E1BED51C3D3B43000ECC9A /* main.m in Sources */ = {isa = PBXBuildFile; fileRef = 48E1BED41C3D3B43000ECC9A /* main.m */; };
		48E1BED71C3D3B43000ECC9A /* Images.xcassets in Resources */ = {isa = PBXBuildFile; fileRef = 48E1BED61C3D3B43000ECC9A /* Images.xcassets */; };
		48E1BEDA1C3D3B43000ECC9A /* MainMenu.xib in Resources */ = {isa = PBXBuildFile; fileRef = 48E1BED81C3D3B43000ECC9A /* MainMenu.xib */; };
		48E1BEE61C3D3B43000ECC9A /* popmenuTests.m in Sources */ = {isa = PBXBuildFile; fileRef = 48E1BEE51C3D3B43000ECC9A /* popmenuTests.m */; };
		48E1BEF11C3D3BAB000ECC9A /* popMenuView.m in Sources */ = {isa = PBXBuildFile; fileRef = 48E1BEF01C3D3BAB000ECC9A /* popMenuView.m */; };
/* End PBXBuildFile section */

/* Begin PBXContainerItemProxy section */
		48E1BEE01C3D3B43000ECC9A /* PBXContainerItemProxy */ = {
			isa = PBXContainerItemProxy;
			containerPortal = 48E1BEC41C3D3B43000ECC9A /* Project object */;
			proxyType = 1;
			remoteGlobalIDString = 48E1BECB1C3D3B43000ECC9A;
			remoteInfo = popmenu;
		};
/* End PBXContainerItemProxy section */

/* Begin PBXFileReference section */
		48E1BECC1C3D3B43000ECC9A /* popmenu.app */ = {isa = PBXFileReference; explicitFileType = wrapper.application; includeInIndex = 0; path = popmenu.app; sourceTree = BUILT_PRODUCTS_DIR; };
		48E1BED01C3D3B43000ECC9A /* Info.plist */ = {isa = PBXFileReference; lastKnownFileType = text.plist.xml; path = Info.plist; sourceTree = "<group>"; };
		48E1BED11C3D3B43000ECC9A /* AppDelegate.h */ = {isa = PBXFileReference; lastKnownFileType = sourcecode.c.h; path = AppDelegate.h; sourceTree = "<group>"; };
		48E1BED21C3D3B43000ECC9A /* AppDelegate.m */ = {isa = PBXFileReference; lastKnownFileType = sourcecode.c.objc; path = AppDelegate.m; sourceTree = "<group>"; };
		48E1BED41C3D3B43000ECC9A /* main.m */ = {isa = PBXFileReference; lastKnownFileType = sourcecode.c.objc; path = main.m; sourceTree = "<group>"; };
		48E1BED61C3D3B43000ECC9A /* Images.xcassets */ = {isa = PBXFileReference; lastKnownFileType = folder.assetcatalog; path = Images.xcassets; sourceTree = "<group>"; };
		48E1BED91C3D3B43000ECC9A /* Base */ = {isa = PBXFileReference; lastKnownFileType = file.xib; name = Base; path = Base.lproj/MainMenu.xib; sourceTree = "<group>"; };
		48E1BEDF1C3D3B43000ECC9A /* popmenuTests.xctest */ = {isa = PBXFileReference; explicitFileType = wrapper.cfbundle; includeInIndex = 0; path = popmenuTests.xctest; sourceTree = BUILT_PRODUCTS_DIR; };
		48E1BEE41C3D3B43000ECC9A /* Info.plist */ = {isa = PBXFileReference; lastKnownFileType = text.plist.xml; path = Info.plist; sourceTree = "<group>"; };
		48E1BEE51C3D3B43000ECC9A /* popmenuTests.m */ = {isa = PBXFileReference; lastKnownFileType = sourcecode.c.objc; path = popmenuTests.m; sourceTree = "<group>"; };
		48E1BEEF1C3D3BAB000ECC9A /* popMenuView.h */ = {isa = PBXFileReference; fileEncoding = 4; lastKnownFileType = sourcecode.c.h; path = popMenuView.h; sourceTree = "<group>"; };
		48E1BEF01C3D3BAB000ECC9A /* popMenuView.m */ = {isa = PBXFileReference; fileEncoding = 4; lastKnownFileType = sourcecode.c.objc; path = popMenuView.m; sourceTree = "<group>"; };
/* End PBXFileReference section */

/* Begin PBXFrameworksBuildPhase section */
		48E1BEC91C3D3B43000ECC9A /* Frameworks */ = {
			isa = PBXFrameworksBuildPhase;
			buildActionMask = 2147483647;
			files = (
			);
			runOnlyForDeploymentPostprocessing = 0;
		};
		48E1BEDC1C3D3B43000ECC9A /* Frameworks */ = {
			isa = PBXFrameworksBuildPhase;
			buildActionMask = 2147483647;
			files = (
			);
			runOnlyForDeploymentPostprocessing = 0;
		};
/* End PBXFrameworksBuildPhase section */

/* Begin PBXGroup section */
		48E1BEC31C3D3B43000ECC9A = {
			isa = PBXGroup;
			children = (
				48E1BECE1C3D3B43000ECC9A /* popmenu */,
				48E1BEE21C3D3B43000ECC9A /* popmenuTests */,
				48E1BECD1C3D3B43000ECC9A /* Products */,
			);
			sourceTree = "<group>";
		};
		48E1BECD1C3D3B43000ECC9A /* Products */ = {
			isa = PBXGroup;
			children = (
				48E1BECC1C3D3B43000ECC9A /* popmenu.app */,
				48E1BEDF1C3D3B43000ECC9A /* popmenuTests.xctest */,
			);
			name = Products;
			sourceTree = "<group>";
		};
		48E1BECE1C3D3B43000ECC9A /* popmenu */ = {
			isa = PBXGroup;
			children = (
				48E1BED11C3D3B43000ECC9A /* AppDelegate.h */,
				48E1BED21C3D3B43000ECC9A /* AppDelegate.m */,
				48E1BED61C3D3B43000ECC9A /* Images.xcassets */,
				48E1BED81C3D3B43000ECC9A /* MainMenu.xib */,
				48E1BECF1C3D3B43000ECC9A /* Supporting Files */,
				48E1BEEF1C3D3BAB000ECC9A /* popMenuView.h */,
				48E1BEF01C3D3BAB000ECC9A /* popMenuView.m */,
			);
			path = popmenu;
			sourceTree = "<group>";
		};
		48E1BECF1C3D3B43000ECC9A /* Supporting Files */ = {
			isa = PBXGroup;
			children = (
				48E1BED01C3D3B43000ECC9A /* Info.plist */,
				48E1BED41C3D3B43000ECC9A /* main.m */,
			);
			name = "Supporting Files";
			sourceTree = "<group>";
		};
		48E1BEE21C3D3B43000ECC9A /* popmenuTests */ = {
			isa = PBXGroup;
			children = (
				48E1BEE51C3D3B43000ECC9A /* popmenuTests.m */,
				48E1BEE31C3D3B43000ECC9A /* Supporting Files */,
			);
			path = popmenuTests;
			sourceTree = "<group>";
		};
		48E1BEE31C3D3B43000ECC9A /* Supporting Files */ = {
			isa = PBXGroup;
			children = (
				48E1BEE41C3D3B43000ECC9A /* Info.plist */,
			);
			name = "Supporting Files";
			sourceTree = "<group>";
		};
/* End PBXGroup section */

/* Begin PBXNativeTarget section */
		48E1BECB1C3D3B43000ECC9A /* popmenu */ = {
			isa = PBXNativeTarget;
			buildConfigurationList = 48E1BEE91C3D3B43000ECC9A /* Build configuration list for PBXNativeTarget "popmenu" */;
			buildPhases = (
				48E1BEC81C3D3B43000ECC9A /* Sources */,
				48E1BEC91C3D3B43000ECC9A /* Frameworks */,
				48E1BECA1C3D3B43000ECC9A /* Resources */,
			);
			buildRules = (
			);
			dependencies = (
			);
			name = popmenu;
			productName = popmenu;
			productReference = 48E1BECC1C3D3B43000ECC9A /* popmenu.app */;
			productType = "com.apple.product-type.application";
		};
		48E1BEDE1C3D3B43000ECC9A /* popmenuTests */ = {
			isa = PBXNativeTarget;
			buildConfigurationList = 48E1BEEC1C3D3B43000ECC9A /* Build configuration list for PBXNativeTarget "popmenuTests" */;
			buildPhases = (
				48E1BEDB1C3D3B43000ECC9A /* Sources */,
				48E1BEDC1C3D3B43000ECC9A /* Frameworks */,
				48E1BEDD1C3D3B43000ECC9A /* Resources */,
			);
			buildRules = (
			);
			dependencies = (
				48E1BEE11C3D3B43000ECC9A /* PBXTargetDependency */,
			);
			name = popmenuTests;
			productName = popmenuTests;
			productReference = 48E1BEDF1C3D3B43000ECC9A /* popmenuTests.xctest */;
			productType = "com.apple.product-type.bundle.unit-test";
		};
/* End PBXNativeTarget section */

/* Begin PBXProject section */
		48E1BEC41C3D3B43000ECC9A /* Project object */ = {
			isa = PBXProject;
			attributes = {
				LastUpgradeCheck = 0640;
				ORGANIZATIONNAME = ks;
				TargetAttributes = {
					48E1BECB1C3D3B43000ECC9A = {
						CreatedOnToolsVersion = 6.4;
					};
					48E1BEDE1C3D3B43000ECC9A = {
						CreatedOnToolsVersion = 6.4;
						TestTargetID = 48E1BECB1C3D3B43000ECC9A;
					};
				};
			};
			buildConfigurationList = 48E1BEC71C3D3B43000ECC9A /* Build configuration list for PBXProject "popmenu" */;
			compatibilityVersion = "Xcode 3.2";
			developmentRegion = English;
			hasScannedForEncodings = 0;
			knownRegions = (
				en,
				Base,
			);
			mainGroup = 48E1BEC31C3D3B43000ECC9A;
			productRefGroup = 48E1BECD1C3D3B43000ECC9A /* Products */;
			projectDirPath = "";
			projectRoot = "";
			targets = (
				48E1BECB1C3D3B43000ECC9A /* popmenu */,
				48E1BEDE1C3D3B43000ECC9A /* popmenuTests */,
			);
		};
/* End PBXProject section */

/* Begin PBXResourcesBuildPhase section */
		48E1BECA1C3D3B43000ECC9A /* Resources */ = {
			isa = PBXResourcesBuildPhase;
			buildActionMask = 2147483647;
			files = (
				48E1BED71C3D3B43000ECC9A /* Images.xcassets in Resources */,
				48E1BEDA1C3D3B43000ECC9A /* MainMenu.xib in Resources */,
			);
			runOnlyForDeploymentPostprocessing = 0;
		};
		48E1BEDD1C3D3B43000ECC9A /* Resources */ = {
			isa = PBXResourcesBuildPhase;
			buildActionMask = 2147483647;
			files = (
			);
			runOnlyForDeploymentPostprocessing = 0;
		};
/* End PBXResourcesBuildPhase section */

/* Begin PBXSourcesBuildPhase section */
		48E1BEC81C3D3B43000ECC9A /* Sources */ = {
			isa = PBXSourcesBuildPhase;
			buildActionMask = 2147483647;
			files = (
				48E1BEF11C3D3BAB000ECC9A /* popMenuView.m in Sources */,
				48E1BED51C3D3B43000ECC9A /* main.m in Sources */,
				48E1BED31C3D3B43000ECC9A /* AppDelegate.m in Sources */,
			);
			runOnlyForDeploymentPostprocessing = 0;
		};
		48E1BEDB1C3D3B43000ECC9A /* Sources */ = {
			isa = PBXSourcesBuildPhase;
			buildActionMask = 2147483647;
			files = (
				48E1BEE61C3D3B43000ECC9A /* popmenuTests.m in Sources */,
			);
			runOnlyForDeploymentPostprocessing = 0;
		};
/* End PBXSourcesBuildPhase section */

/* Begin PBXTargetDependency section */
		48E1BEE11C3D3B43000ECC9A /* PBXTargetDependency */ = {
			isa = PBXTargetDependency;
			target = 48E1BECB1C3D3B43000ECC9A /* popmenu */;
			targetProxy = 48E1BEE01C3D3B43000ECC9A /* PBXContainerItemProxy */;
		};
/* End PBXTargetDependency section */

/* Begin PBXVariantGroup section */
		48E1BED81C3D3B43000ECC9A /* MainMenu.xib */ = {
			isa = PBXVariantGroup;
			children = (
				48E1BED91C3D3B43000ECC9A /* Base */,
			);
			name = MainMenu.xib;
			sourceTree = "<group>";
		};
/* End PBXVariantGroup section */

/* Begin XCBuildConfiguration section */
		48E1BEE71C3D3B43000ECC9A /* Debug */ = {
			isa = XCBuildConfiguration;
			buildSettings = {
				ALWAYS_SEARCH_USER_PATHS = NO;
				CLANG_CXX_LANGUAGE_STANDARD = "gnu++0x";
				CLANG_CXX_LIBRARY = "libc++";
				CLANG_ENABLE_MODULES = YES;
				CLANG_ENABLE_OBJC_ARC = YES;
				CLANG_WARN_BOOL_CONVERSION = YES;
				CLANG_WARN_CONSTANT_CONVERSION = YES;
				CLANG_WARN_DIRECT_OBJC_ISA_USAGE = YES_ERROR;
				CLANG_WARN_EMPTY_BODY = YES;
				CLANG_WARN_ENUM_CONVERSION = YES;
				CLANG_WARN_INT_CONVERSION = YES;
				CLANG_WARN_OBJC_ROOT_CLASS = YES_ERROR;
				CLANG_WARN_UNREACHABLE_CODE = YES;
				CLANG_WARN__DUPLICATE_METHOD_MATCH = YES;
				CODE_SIGN_IDENTITY = "-";
				COPY_PHASE_STRIP = NO;
				DEBUG_INFORMATION_FORMAT = dwarf;
				ENABLE_STRICT_OBJC_MSGSEND = YES;
				GCC_C_LANGUAGE_STANDARD = gnu99;
				GCC_DYNAMIC_NO_PIC = NO;
				GCC_NO_COMMON_BLOCKS = YES;
				GCC_OPTIMIZATION_LEVEL = 0;
				GCC_PREPROCESSOR_DEFINITIONS = (
					"DEBUG=1",
					"$(inherited)",
				);
				GCC_SYMBOLS_PRIVATE_EXTERN = NO;
				GCC_WARN_64_TO_32_BIT_CONVERSION = YES;
				GCC_WARN_ABOUT_RETURN_TYPE = YES_ERROR;
				GCC_WARN_UNDECLARED_SELECTOR = YES;
				GCC_WARN_UNINITIALIZED_AUTOS = YES_AGGRESSIVE;
				GCC_WARN_UNUSED_FUNCTION = YES;
				GCC_WARN_UNUSED_VARIABLE = YES;
				MACOSX_DEPLOYMENT_TARGET = 10.10;
				MTL_ENABLE_DEBUG_INFO = YES;
				ONLY_ACTIVE_ARCH = YES;
				SDKROOT = macosx;
			};
			name = Debug;
		};
		48E1BEE81C3D3B43000ECC9A /* Release */ = {
			isa = XCBuildConfiguration;
			buildSettings = {
				ALWAYS_SEARCH_USER_PATHS = NO;
				CLANG_CXX_LANGUAGE_STANDARD = "gnu++0x";
				CLANG_CXX_LIBRARY = "libc++";
				CLANG_ENABLE_MODULES = YES;
				CLANG_ENABLE_OBJC_ARC = YES;
				CLANG_WARN_BOOL_CONVERSION = YES;
				CLANG_WARN_CONSTANT_CONVERSION = YES;
				CLANG_WARN_DIRECT_OBJC_ISA_USAGE = YES_ERROR;
				CLANG_WARN_EMPTY_BODY = YES;
				CLANG_WARN_ENUM_CONVERSION = YES;
				CLANG_WARN_INT_CONVERSION = YES;
				CLANG_WARN_OBJC_ROOT_CLASS = YES_ERROR;
				CLANG_WARN_UNREACHABLE_CODE = YES;
				CLANG_WARN__DUPLICATE_METHOD_MATCH = YES;
				CODE_SIGN_IDENTITY = "-";
				COPY_PHASE_STRIP = NO;
				DEBUG_INFORMATION_FORMAT = "dwarf-with-dsym";
				ENABLE_NS_ASSERTIONS = NO;
				ENABLE_STRICT_OBJC_MSGSEND = YES;
				GCC_C_LANGUAGE_STANDARD = gnu99;
				GCC_NO_COMMON_BLOCKS = YES;
				GCC_WARN_64_TO_32_BIT_CONVERSION = YES;
				GCC_WARN_ABOUT_RETURN_TYPE = YES_ERROR;
				GCC_WARN_UNDECLARED_SELECTOR = YES;
				GCC_WARN_UNINITIALIZED_AUTOS = YES_AGGRESSIVE;
				GCC_WARN_UNUSED_FUNCTION = YES;
				GCC_WARN_UNUSED_VARIABLE = YES;
				MACOSX_DEPLOYMENT_TARGET = 10.10;
				MTL_ENABLE_DEBUG_INFO = NO;
				SDKROOT = macosx;
			};
			name = Release;
		};
		48E1BEEA1C3D3B43000ECC9A /* Debug */ = {
			isa = XCBuildConfiguration;
			buildSettings = {
				ASSETCATALOG_COMPILER_APPICON_NAME = AppIcon;
				COMBINE_HIDPI_IMAGES = YES;
				INFOPLIST_FILE = popmenu/Info.plist;
				LD_RUNPATH_SEARCH_PATHS = "$(inherited) @executable_path/../Frameworks";
				PRODUCT_NAME = "$(TARGET_NAME)";
			};
			name = Debug;
		};
		48E1BEEB1C3D3B43000ECC9A /* Release */ = {
			isa = XCBuildConfiguration;
			buildSettings = {
				ASSETCATALOG_COMPILER_APPICON_NAME = AppIcon;
				COMBINE_HIDPI_IMAGES = YES;
				INFOPLIST_FILE = popmenu/Info.plist;
				LD_RUNPATH_SEARCH_PATHS = "$(inherited) @executable_path/../Frameworks";
				PRODUCT_NAME = "$(TARGET_NAME)";
			};
			name = Release;
		};
		48E1BEED1C3D3B43000ECC9A /* Debug */ = {
			isa = XCBuildConfiguration;
			buildSettings = {
				BUNDLE_LOADER = "$(TEST_HOST)";
				COMBINE_HIDPI_IMAGES = YES;
				FRAMEWORK_SEARCH_PATHS = (
					"$(DEVELOPER_FRAMEWORKS_DIR)",
					"$(inherited)",
				);
				GCC_PREPROCESSOR_DEFINITIONS = (
					"DEBUG=1",
					"$(inherited)",
				);
				INFOPLIST_FILE = popmenuTests/Info.plist;
				LD_RUNPATH_SEARCH_PATHS = "$(inherited) @executable_path/../Frameworks @loader_path/../Frameworks";
				PRODUCT_NAME = "$(TARGET_NAME)";
				TEST_HOST = "$(BUILT_PRODUCTS_DIR)/popmenu.app/Contents/MacOS/popmenu";
			};
			name = Debug;
		};
		48E1BEEE1C3D3B43000ECC9A /* Release */ = {
			isa = XCBuildConfiguration;
			buildSettings = {
				BUNDLE_LOADER = "$(TEST_HOST)";
				COMBINE_HIDPI_IMAGES = YES;
				FRAMEWORK_SEARCH_PATHS = (
					"$(DEVELOPER_FRAMEWORKS_DIR)",
					"$(inherited)",
				);
				INFOPLIST_FILE = popmenuTests/Info.plist;
				LD_RUNPATH_SEARCH_PATHS = "$(inherited) @executable_path/../Frameworks @loader_path/../Frameworks";
				PRODUCT_NAME = "$(TARGET_NAME)";
				TEST_HOST = "$(BUILT_PRODUCTS_DIR)/popmenu.app/Contents/MacOS/popmenu";
			};
			name = Release;
		};
/* End XCBuildConfiguration section */

/* Begin XCConfigurationList section */
		48E1BEC71C3D3B43000ECC9A /* Build configuration list for PBXProject "popmenu" */ = {
			isa = XCConfigurationList;
			buildConfigurations = (
				48E1BEE71C3D3B43000ECC9A /* Debug */,
				48E1BEE81C3D3B43000ECC9A /* Release */,
			);
			defaultConfigurationIsVisible = 0;
			defaultConfigurationName = Release;
		};
		48E1BEE91C3D3B43000ECC9A /* Build configuration list for PBXNativeTarget "popmenu" */ = {
			isa = XCConfigurationList;
			buildConfigurations = (
				48E1BEEA1C3D3B43000ECC9A /* Debug */,
				48E1BEEB1C3D3B43000ECC9A /* Release */,
			);
			defaultConfigurationIsVisible = 0;
		};
		48E1BEEC1C3D3B43000ECC9A /* Build configuration list for PBXNativeTarget "popmenuTests" */ = {
			isa = XCConfigurationList;
			buildConfigurations = (
				48E1BEED1C3D3B43000ECC9A /* Debug */,
				48E1BEEE1C3D3B43000ECC9A /* Release */,
			);
			defaultConfigurationIsVisible = 0;
		};
/* End XCConfigurationList section */
	};
	rootObject = 48E1BEC41C3D3B43000ECC9A /* Project object */;
}
